// !$*UTF8*$!
{
	archiveVersion = 1;
	classes = {
	};
	objectVersion = 50;
	objects = {

/* Begin PBXBuildFile section */
		2816859222B1EAF000C43EC6 /* PresentedController+Setup.swift in Sources */ = {isa = PBXBuildFile; fileRef = 2816859122B1EAF000C43EC6 /* PresentedController+Setup.swift */; };
		2864A67B22A42FB8001937A5 /* AppDelegate.swift in Sources */ = {isa = PBXBuildFile; fileRef = 2864A67A22A42FB8001937A5 /* AppDelegate.swift */; };
		2864A67D22A42FB8001937A5 /* MainController.swift in Sources */ = {isa = PBXBuildFile; fileRef = 2864A67C22A42FB8001937A5 /* MainController.swift */; };
		2864A68022A42FB8001937A5 /* Main.storyboard in Resources */ = {isa = PBXBuildFile; fileRef = 2864A67E22A42FB8001937A5 /* Main.storyboard */; };
		2864A68222A42FB9001937A5 /* Assets.xcassets in Resources */ = {isa = PBXBuildFile; fileRef = 2864A68122A42FB9001937A5 /* Assets.xcassets */; };
		2864A68522A42FB9001937A5 /* LaunchScreen.storyboard in Resources */ = {isa = PBXBuildFile; fileRef = 2864A68322A42FB9001937A5 /* LaunchScreen.storyboard */; };
		2864A68D22A43096001937A5 /* PresentedController.swift in Sources */ = {isa = PBXBuildFile; fileRef = 2864A68C22A43096001937A5 /* PresentedController.swift */; };
		28729B2C22B095240005C00E /* CustomButton.swift in Sources */ = {isa = PBXBuildFile; fileRef = 28729B2B22B095240005C00E /* CustomButton.swift */; };
		28729B2E22B095600005C00E /* SpinnerComponent.swift in Sources */ = {isa = PBXBuildFile; fileRef = 28729B2D22B095600005C00E /* SpinnerComponent.swift */; };
		28729B3022B0A45E0005C00E /* LeakScenario.swift in Sources */ = {isa = PBXBuildFile; fileRef = 28729B2F22B0A45E0005C00E /* LeakScenario.swift */; };
		2883846222AF2FEC000C87D8 /* GlobalAlert.swift in Sources */ = {isa = PBXBuildFile; fileRef = 2883846122AF2FEC000C87D8 /* GlobalAlert.swift */; };
		2883846422AF300F000C87D8 /* UIView+Extensions.swift in Sources */ = {isa = PBXBuildFile; fileRef = 2883846322AF300F000C87D8 /* UIView+Extensions.swift */; };
		2883846922AF30E3000C87D8 /* ImageGenerator.swift in Sources */ = {isa = PBXBuildFile; fileRef = 2883846822AF30E2000C87D8 /* ImageGenerator.swift */; };
/* End PBXBuildFile section */

/* Begin PBXFileReference section */
		2816859122B1EAF000C43EC6 /* PresentedController+Setup.swift */ = {isa = PBXFileReference; lastKnownFileType = sourcecode.swift; path = "PresentedController+Setup.swift"; sourceTree = "<group>"; };
		2864A67722A42FB8001937A5 /* WeakSelf.app */ = {isa = PBXFileReference; explicitFileType = wrapper.application; includeInIndex = 0; path = WeakSelf.app; sourceTree = BUILT_PRODUCTS_DIR; };
		2864A67A22A42FB8001937A5 /* AppDelegate.swift */ = {isa = PBXFileReference; lastKnownFileType = sourcecode.swift; path = AppDelegate.swift; sourceTree = "<group>"; };
		2864A67C22A42FB8001937A5 /* MainController.swift */ = {isa = PBXFileReference; lastKnownFileType = sourcecode.swift; path = MainController.swift; sourceTree = "<group>"; };
		2864A67F22A42FB8001937A5 /* Base */ = {isa = PBXFileReference; lastKnownFileType = file.storyboard; name = Base; path = Base.lproj/Main.storyboard; sourceTree = "<group>"; };
		2864A68122A42FB9001937A5 /* Assets.xcassets */ = {isa = PBXFileReference; lastKnownFileType = folder.assetcatalog; path = Assets.xcassets; sourceTree = "<group>"; };
		2864A68422A42FB9001937A5 /* Base */ = {isa = PBXFileReference; lastKnownFileType = file.storyboard; name = Base; path = Base.lproj/LaunchScreen.storyboard; sourceTree = "<group>"; };
		2864A68622A42FB9001937A5 /* Info.plist */ = {isa = PBXFileReference; lastKnownFileType = text.plist.xml; path = Info.plist; sourceTree = "<group>"; };
		2864A68C22A43096001937A5 /* PresentedController.swift */ = {isa = PBXFileReference; lastKnownFileType = sourcecode.swift; path = PresentedController.swift; sourceTree = "<group>"; };
		28729B2B22B095240005C00E /* CustomButton.swift */ = {isa = PBXFileReference; lastKnownFileType = sourcecode.swift; path = CustomButton.swift; sourceTree = "<group>"; };
		28729B2D22B095600005C00E /* SpinnerComponent.swift */ = {isa = PBXFileReference; lastKnownFileType = sourcecode.swift; path = SpinnerComponent.swift; sourceTree = "<group>"; };
		28729B2F22B0A45E0005C00E /* LeakScenario.swift */ = {isa = PBXFileReference; lastKnownFileType = sourcecode.swift; path = LeakScenario.swift; sourceTree = "<group>"; };
		2883846122AF2FEC000C87D8 /* GlobalAlert.swift */ = {isa = PBXFileReference; lastKnownFileType = sourcecode.swift; path = GlobalAlert.swift; sourceTree = "<group>"; };
		2883846322AF300F000C87D8 /* UIView+Extensions.swift */ = {isa = PBXFileReference; lastKnownFileType = sourcecode.swift; path = "UIView+Extensions.swift"; sourceTree = "<group>"; };
		2883846822AF30E2000C87D8 /* ImageGenerator.swift */ = {isa = PBXFileReference; lastKnownFileType = sourcecode.swift; path = ImageGenerator.swift; sourceTree = "<group>"; };
/* End PBXFileReference section */

/* Begin PBXFrameworksBuildPhase section */
		2864A67422A42FB8001937A5 /* Frameworks */ = {
			isa = PBXFrameworksBuildPhase;
			buildActionMask = 2147483647;
			files = (
			);
			runOnlyForDeploymentPostprocessing = 0;
		};
/* End PBXFrameworksBuildPhase section */

/* Begin PBXGroup section */
		2864A66E22A42FB8001937A5 = {
			isa = PBXGroup;
			children = (
				2864A67922A42FB8001937A5 /* WeakSelf */,
				2864A67822A42FB8001937A5 /* Products */,
			);
			sourceTree = "<group>";
		};
		2864A67822A42FB8001937A5 /* Products */ = {
			isa = PBXGroup;
			children = (
				2864A67722A42FB8001937A5 /* WeakSelf.app */,
			);
			name = Products;
			sourceTree = "<group>";
		};
		2864A67922A42FB8001937A5 /* WeakSelf */ = {
			isa = PBXGroup;
			children = (
				2864A68C22A43096001937A5 /* PresentedController.swift */,
				287B2E5D24055CBB00234927 /* Components */,
				2864A68122A42FB9001937A5 /* Assets.xcassets */,
				2864A68622A42FB9001937A5 /* Info.plist */,
			);
			path = WeakSelf;
			sourceTree = "<group>";
		};
		28729B2A22B095160005C00E /* Views */ = {
			isa = PBXGroup;
			children = (
				28729B2B22B095240005C00E /* CustomButton.swift */,
				28729B2D22B095600005C00E /* SpinnerComponent.swift */,
			);
			path = Views;
			sourceTree = "<group>";
		};
		287B2E5D24055CBB00234927 /* Components */ = {
			isa = PBXGroup;
			children = (
				2864A67A22A42FB8001937A5 /* AppDelegate.swift */,
				2883846722AF30D2000C87D8 /* ViewControllers */,
				28729B2A22B095160005C00E /* Views */,
				2883846622AF30C8000C87D8 /* Utility */,
				287B2E5E24055CDB00234927 /* Storyboards */,
			);
			path = Components;
			sourceTree = "<group>";
		};
		287B2E5E24055CDB00234927 /* Storyboards */ = {
			isa = PBXGroup;
			children = (
				2864A68322A42FB9001937A5 /* LaunchScreen.storyboard */,
				2864A67E22A42FB8001937A5 /* Main.storyboard */,
			);
			path = Storyboards;
			sourceTree = "<group>";
		};
		2883846622AF30C8000C87D8 /* Utility */ = {
			isa = PBXGroup;
			children = (
				28729B2F22B0A45E0005C00E /* LeakScenario.swift */,
				2883846822AF30E2000C87D8 /* ImageGenerator.swift */,
				2883846122AF2FEC000C87D8 /* GlobalAlert.swift */,
				2883846322AF300F000C87D8 /* UIView+Extensions.swift */,
			);
			path = Utility;
			sourceTree = "<group>";
		};
		2883846722AF30D2000C87D8 /* ViewControllers */ = {
			isa = PBXGroup;
			children = (
				2864A67C22A42FB8001937A5 /* MainController.swift */,
				2816859122B1EAF000C43EC6 /* PresentedController+Setup.swift */,
			);
			path = ViewControllers;
			sourceTree = "<group>";
		};
/* End PBXGroup section */

/* Begin PBXNativeTarget section */
		2864A67622A42FB8001937A5 /* WeakSelf */ = {
			isa = PBXNativeTarget;
			buildConfigurationList = 2864A68922A42FB9001937A5 /* Build configuration list for PBXNativeTarget "WeakSelf" */;
			buildPhases = (
				2864A67322A42FB8001937A5 /* Sources */,
				2864A67422A42FB8001937A5 /* Frameworks */,
				2864A67522A42FB8001937A5 /* Resources */,
			);
			buildRules = (
			);
			dependencies = (
			);
			name = WeakSelf;
			productName = WeakSelf;
			productReference = 2864A67722A42FB8001937A5 /* WeakSelf.app */;
			productType = "com.apple.product-type.application";
		};
/* End PBXNativeTarget section */

/* Begin PBXProject section */
		2864A66F22A42FB8001937A5 /* Project object */ = {
			isa = PBXProject;
			attributes = {
				LastSwiftUpdateCheck = 1010;
				LastUpgradeCheck = 1010;
				ORGANIZATIONNAME = "Besher Al Maleh";
				TargetAttributes = {
					2864A67622A42FB8001937A5 = {
						CreatedOnToolsVersion = 10.1;
					};
				};
			};
			buildConfigurationList = 2864A67222A42FB8001937A5 /* Build configuration list for PBXProject "WeakSelf" */;
			compatibilityVersion = "Xcode 9.3";
			developmentRegion = en;
			hasScannedForEncodings = 0;
			knownRegions = (
				en,
				Base,
			);
			mainGroup = 2864A66E22A42FB8001937A5;
			productRefGroup = 2864A67822A42FB8001937A5 /* Products */;
			projectDirPath = "";
			projectRoot = "";
			targets = (
				2864A67622A42FB8001937A5 /* WeakSelf */,
			);
		};
/* End PBXProject section */

/* Begin PBXResourcesBuildPhase section */
		2864A67522A42FB8001937A5 /* Resources */ = {
			isa = PBXResourcesBuildPhase;
			buildActionMask = 2147483647;
			files = (
				2864A68522A42FB9001937A5 /* LaunchScreen.storyboard in Resources */,
				2864A68222A42FB9001937A5 /* Assets.xcassets in Resources */,
				2864A68022A42FB8001937A5 /* Main.storyboard in Resources */,
			);
			runOnlyForDeploymentPostprocessing = 0;
		};
/* End PBXResourcesBuildPhase section */

/* Begin PBXSourcesBuildPhase section */
		2864A67322A42FB8001937A5 /* Sources */ = {
			isa = PBXSourcesBuildPhase;
			buildActionMask = 2147483647;
			files = (
				2864A67D22A42FB8001937A5 /* MainController.swift in Sources */,
				2883846922AF30E3000C87D8 /* ImageGenerator.swift in Sources */,
				2883846222AF2FEC000C87D8 /* GlobalAlert.swift in Sources */,
				28729B2E22B095600005C00E /* SpinnerComponent.swift in Sources */,
				2883846422AF300F000C87D8 /* UIView+Extensions.swift in Sources */,
				28729B2C22B095240005C00E /* CustomButton.swift in Sources */,
				2864A67B22A42FB8001937A5 /* AppDelegate.swift in Sources */,
				28729B3022B0A45E0005C00E /* LeakScenario.swift in Sources */,
				2816859222B1EAF000C43EC6 /* PresentedController+Setup.swift in Sources */,
				2864A68D22A43096001937A5 /* PresentedController.swift in Sources */,
			);
			runOnlyForDeploymentPostprocessing = 0;
		};
/* End PBXSourcesBuildPhase section */

/* Begin PBXVariantGroup section */
		2864A67E22A42FB8001937A5 /* Main.storyboard */ = {
			isa = PBXVariantGroup;
			children = (
				2864A67F22A42FB8001937A5 /* Base */,
			);
			name = Main.storyboard;
			sourceTree = "<group>";
		};
		2864A68322A42FB9001937A5 /* LaunchScreen.storyboard */ = {
			isa = PBXVariantGroup;
			children = (
				2864A68422A42FB9001937A5 /* Base */,
			);
			name = LaunchScreen.storyboard;
			sourceTree = "<group>";
		};
/* End PBXVariantGroup section */

/* Begin XCBuildConfiguration section */
		2864A68722A42FB9001937A5 /* Debug */ = {
			isa = XCBuildConfiguration;
			buildSettings = {
				ALWAYS_SEARCH_USER_PATHS = NO;
				CLANG_ANALYZER_NONNULL = YES;
				CLANG_ANALYZER_NUMBER_OBJECT_CONVERSION = YES_AGGRESSIVE;
				CLANG_CXX_LANGUAGE_STANDARD = "gnu++14";
				CLANG_CXX_LIBRARY = "libc++";
				CLANG_ENABLE_MODULES = YES;
				CLANG_ENABLE_OBJC_ARC = YES;
				CLANG_ENABLE_OBJC_WEAK = YES;
				CLANG_WARN_BLOCK_CAPTURE_AUTORELEASING = YES;
				CLANG_WARN_BOOL_CONVERSION = YES;
				CLANG_WARN_COMMA = YES;
				CLANG_WARN_CONSTANT_CONVERSION = YES;
				CLANG_WARN_DEPRECATED_OBJC_IMPLEMENTATIONS = YES;
				CLANG_WARN_DIRECT_OBJC_ISA_USAGE = YES_ERROR;
				CLANG_WARN_DOCUMENTATION_COMMENTS = YES;
				CLANG_WARN_EMPTY_BODY = YES;
				CLANG_WARN_ENUM_CONVERSION = YES;
				CLANG_WARN_INFINITE_RECURSION = YES;
				CLANG_WARN_INT_CONVERSION = YES;
				CLANG_WARN_NON_LITERAL_NULL_CONVERSION = YES;
				CLANG_WARN_OBJC_IMPLICIT_RETAIN_SELF = YES;
				CLANG_WARN_OBJC_LITERAL_CONVERSION = YES;
				CLANG_WARN_OBJC_ROOT_CLASS = YES_ERROR;
				CLANG_WARN_RANGE_LOOP_ANALYSIS = YES;
				CLANG_WARN_STRICT_PROTOTYPES = YES;
				CLANG_WARN_SUSPICIOUS_MOVE = YES;
				CLANG_WARN_UNGUARDED_AVAILABILITY = YES_AGGRESSIVE;
				CLANG_WARN_UNREACHABLE_CODE = YES;
				CLANG_WARN__DUPLICATE_METHOD_MATCH = YES;
				CODE_SIGN_IDENTITY = "iPhone Developer";
				COPY_PHASE_STRIP = NO;
				DEBUG_INFORMATION_FORMAT = dwarf;
				ENABLE_STRICT_OBJC_MSGSEND = YES;
				ENABLE_TESTABILITY = YES;
				GCC_C_LANGUAGE_STANDARD = gnu11;
				GCC_DYNAMIC_NO_PIC = NO;
				GCC_NO_COMMON_BLOCKS = YES;
				GCC_OPTIMIZATION_LEVEL = 0;
				GCC_PREPROCESSOR_DEFINITIONS = (
					"DEBUG=1",
					"$(inherited)",
				);
				GCC_WARN_64_TO_32_BIT_CONVERSION = YES;
				GCC_WARN_ABOUT_RETURN_TYPE = YES_ERROR;
				GCC_WARN_UNDECLARED_SELECTOR = YES;
				GCC_WARN_UNINITIALIZED_AUTOS = YES_AGGRESSIVE;
				GCC_WARN_UNUSED_FUNCTION = YES;
				GCC_WARN_UNUSED_VARIABLE = YES;
				IPHONEOS_DEPLOYMENT_TARGET = 12.1;
				MTL_ENABLE_DEBUG_INFO = INCLUDE_SOURCE;
				MTL_FAST_MATH = YES;
				ONLY_ACTIVE_ARCH = YES;
				SDKROOT = iphoneos;
				SWIFT_ACTIVE_COMPILATION_CONDITIONS = DEBUG;
				SWIFT_OPTIMIZATION_LEVEL = "-Onone";
			};
			name = Debug;
		};
		2864A68822A42FB9001937A5 /* Release */ = {
			isa = XCBuildConfiguration;
			buildSettings = {
				ALWAYS_SEARCH_USER_PATHS = NO;
				CLANG_ANALYZER_NONNULL = YES;
				CLANG_ANALYZER_NUMBER_OBJECT_CONVERSION = YES_AGGRESSIVE;
				CLANG_CXX_LANGUAGE_STANDARD = "gnu++14";
				CLANG_CXX_LIBRARY = "libc++";
				CLANG_ENABLE_MODULES = YES;
				CLANG_ENABLE_OBJC_ARC = YES;
				CLANG_ENABLE_OBJC_WEAK = YES;
				CLANG_WARN_BLOCK_CAPTURE_AUTORELEASING = YES;
				CLANG_WARN_BOOL_CONVERSION = YES;
				CLANG_WARN_COMMA = YES;
				CLANG_WARN_CONSTANT_CONVERSION = YES;
				CLANG_WARN_DEPRECATED_OBJC_IMPLEMENTATIONS = YES;
				CLANG_WARN_DIRECT_OBJC_ISA_USAGE = YES_ERROR;
				CLANG_WARN_DOCUMENTATION_COMMENTS = YES;
				CLANG_WARN_EMPTY_BODY = YES;
				CLANG_WARN_ENUM_CONVERSION = YES;
				CLANG_WARN_INFINITE_RECURSION = YES;
				CLANG_WARN_INT_CONVERSION = YES;
				CLANG_WARN_NON_LITERAL_NULL_CONVERSION = YES;
				CLANG_WARN_OBJC_IMPLICIT_RETAIN_SELF = YES;
				CLANG_WARN_OBJC_LITERAL_CONVERSION = YES;
				CLANG_WARN_OBJC_ROOT_CLASS = YES_ERROR;
				CLANG_WARN_RANGE_LOOP_ANALYSIS = YES;
				CLANG_WARN_STRICT_PROTOTYPES = YES;
				CLANG_WARN_SUSPICIOUS_MOVE = YES;
				CLANG_WARN_UNGUARDED_AVAILABILITY = YES_AGGRESSIVE;
				CLANG_WARN_UNREACHABLE_CODE = YES;
				CLANG_WARN__DUPLICATE_METHOD_MATCH = YES;
				CODE_SIGN_IDENTITY = "iPhone Developer";
				COPY_PHASE_STRIP = NO;
				DEBUG_INFORMATION_FORMAT = "dwarf-with-dsym";
				ENABLE_NS_ASSERTIONS = NO;
				ENABLE_STRICT_OBJC_MSGSEND = YES;
				GCC_C_LANGUAGE_STANDARD = gnu11;
				GCC_NO_COMMON_BLOCKS = YES;
				GCC_WARN_64_TO_32_BIT_CONVERSION = YES;
				GCC_WARN_ABOUT_RETURN_TYPE = YES_ERROR;
				GCC_WARN_UNDECLARED_SELECTOR = YES;
				GCC_WARN_UNINITIALIZED_AUTOS = YES_AGGRESSIVE;
				GCC_WARN_UNUSED_FUNCTION = YES;
				GCC_WARN_UNUSED_VARIABLE = YES;
				IPHONEOS_DEPLOYMENT_TARGET = 12.1;
				MTL_ENABLE_DEBUG_INFO = NO;
				MTL_FAST_MATH = YES;
				SDKROOT = iphoneos;
				SWIFT_COMPILATION_MODE = wholemodule;
				SWIFT_OPTIMIZATION_LEVEL = "-O";
				VALIDATE_PRODUCT = YES;
			};
			name = Release;
		};
		2864A68A22A42FB9001937A5 /* Debug */ = {
			isa = XCBuildConfiguration;
			buildSettings = {
				ASSETCATALOG_COMPILER_APPICON_NAME = AppIcon;
				CODE_SIGN_STYLE = Automatic;
				DEVELOPMENT_TEAM = "";
				INFOPLIST_FILE = WeakSelf/Info.plist;
				IPHONEOS_DEPLOYMENT_TARGET = 13.0;
				LD_RUNPATH_SEARCH_PATHS = (
					"$(inherited)",
					"@executable_path/Frameworks",
				);
				PRODUCT_BUNDLE_IDENTIFIER = com.medium.WeakSelf;
				PRODUCT_NAME = "$(TARGET_NAME)";
				SWIFT_VERSION = 4.2;
				TARGETED_DEVICE_FAMILY = "1,2";
			};
			name = Debug;
		};
		2864A68B22A42FB9001937A5 /* Release */ = {
			isa = XCBuildConfiguration;
			buildSettings = {
				ASSETCATALOG_COMPILER_APPICON_NAME = AppIcon;
				CODE_SIGN_STYLE = Automatic;
				DEVELOPMENT_TEAM = "";
				INFOPLIST_FILE = WeakSelf/Info.plist;
				IPHONEOS_DEPLOYMENT_TARGET = 13.0;
				LD_RUNPATH_SEARCH_PATHS = (
					"$(inherited)",
					"@executable_path/Frameworks",
				);
				PRODUCT_BUNDLE_IDENTIFIER = com.medium.WeakSelf;
				PRODUCT_NAME = "$(TARGET_NAME)";
				SWIFT_VERSION = 4.2;
				TARGETED_DEVICE_FAMILY = "1,2";
			};
			name = Release;
		};
/* End XCBuildConfiguration section */

/* Begin XCConfigurationList section */
		2864A67222A42FB8001937A5 /* Build configuration list for PBXProject "WeakSelf" */ = {
			isa = XCConfigurationList;
			buildConfigurations = (
				2864A68722A42FB9001937A5 /* Debug */,
				2864A68822A42FB9001937A5 /* Release */,
			);
			defaultConfigurationIsVisible = 0;
			defaultConfigurationName = Release;
		};
		2864A68922A42FB9001937A5 /* Build configuration list for PBXNativeTarget "WeakSelf" */ = {
			isa = XCConfigurationList;
			buildConfigurations = (
				2864A68A22A42FB9001937A5 /* Debug */,
				2864A68B22A42FB9001937A5 /* Release */,
			);
			defaultConfigurationIsVisible = 0;
			defaultConfigurationName = Release;
		};
/* End XCConfigurationList section */
	};
	rootObject = 2864A66F22A42FB8001937A5 /* Project object */;
}
